
Microsoft Visual Studio Solution File, Format Version 12.00
# Visual Studio Version 17
VisualStudioVersion = 17.8.34309.116
MinimumVisualStudioVersion = 10.0.40219.1
Project("{9A19103F-16F7-4668-BE54-9A1E7A4F7556}") = "Client", "Client\Client.csproj", "{BFD8698A-8D93-4203-BEEB-830396551115}"
EndProject
Project("{9A19103F-16F7-4668-BE54-9A1E7A4F7556}") = "Server", "Server\Server.csproj", "{A1956361-540F-4104-8648-A324E5BC040E}"
EndProject
Project("{FAE04EC0-301F-11D3-BF4B-00C04F79EFBC}") = "Shared", "Shared\Shared.csproj", "{9D8E4E0D-786F-49E6-AFAB-924322C28BE8}"
EndProject
Global
	GlobalSection(SolutionConfigurationPlatforms) = preSolution
		Debug|Any CPU = Debug|Any CPU
		Release|Any CPU = Release|Any CPU
	EndGlobalSection
	GlobalSection(ProjectConfigurationPlatforms) = postSolution
		{BFD8698A-8D93-4203-BEEB-830396551115}.Debug|Any CPU.ActiveCfg = Debug|Any CPU
		{BFD8698A-8D93-4203-BEEB-830396551115}.Debug|Any CPU.Build.0 = Debug|Any CPU
		{BFD8698A-8D93-4203-BEEB-830396551115}.Release|Any CPU.ActiveCfg = Release|Any CPU
		{BFD8698A-8D93-4203-BEEB-830396551115}.Release|Any CPU.Build.0 = Release|Any CPU
		{A1956361-540F-4104-8648-A324E5BC040E}.Debug|Any CPU.ActiveCfg = Debug|Any CPU
		{A1956361-540F-4104-8648-A324E5BC040E}.Debug|Any CPU.Build.0 = Debug|Any CPU
		{A1956361-540F-4104-8648-A324E5BC040E}.Release|Any CPU.ActiveCfg = Release|Any CPU
		{A1956361-540F-4104-8648-A324E5BC040E}.Release|Any CPU.Build.0 = Release|Any CPU
		{9D8E4E0D-786F-49E6-AFAB-924322C28BE8}.Debug|Any CPU.ActiveCfg = Debug|Any CPU
		{9D8E4E0D-786F-49E6-AFAB-924322C28BE8}.Debug|Any CPU.Build.0 = Debug|Any CPU
		{9D8E4E0D-786F-49E6-AFAB-924322C28BE8}.Release|Any CPU.ActiveCfg = Release|Any CPU
		{9D8E4E0D-786F-49E6-AFAB-924322C28BE8}.Release|Any CPU.Build.0 = Release|Any CPU
	EndGlobalSection
	GlobalSection(SolutionProperties) = preSolution
		HideSolutionNode = FALSE
	EndGlobalSection
	GlobalSection(ExtensibilityGlobals) = postSolution
		SolutionGuid = {6D7EE344-E92A-48D2-9EFB-111536C550F6}
	EndGlobalSection
EndGlobal
